
Microsoft Visual Studio Solution File, Format Version 12.00
# Visual Studio 2012
Project("{FAE04EC0-301F-11D3-BF4B-00C04F79EFBC}") = "EfesBet.UI", "EfesBet.UI\EfesBet.UI.csproj", "{4DCECAAE-4841-46D9-BF53-D41A7B6055BE}"
	ProjectSection(ProjectDependencies) = postProject
		{41856CE9-7E32-4352-8FDE-9DE730915AB5} = {41856CE9-7E32-4352-8FDE-9DE730915AB5}
	EndProjectSection
EndProject
Project("{FAE04EC0-301F-11D3-BF4B-00C04F79EFBC}") = "EfesBet.BLL", "EfesBet.BLL\EfesBet.BLL.csproj", "{2FF08DC2-F503-4161-A15A-160E305B487B}"
EndProject
Project("{FAE04EC0-301F-11D3-BF4B-00C04F79EFBC}") = "EfesBet.DAL", "EfesBet.DAL\EfesBet.DAL.csproj", "{A95BC794-E72C-4CAF-9C3D-ACADE9DCD03D}"
EndProject
Project("{FAE04EC0-301F-11D3-BF4B-00C04F79EFBC}") = "EfesBet.Entities", "EfesBet.Entities\EfesBet.Entities.csproj", "{1CF80BBB-93BE-4ECF-8BF8-2EC91030ECFC}"
EndProject
Project("{FAE04EC0-301F-11D3-BF4B-00C04F79EFBC}") = "EfesBet.DataContract", "EfesBet.DataContract\EfesBet.DataContract.csproj", "{1429FDC4-617A-4BEE-84D7-E4A854F61134}"
EndProject
Project("{FAE04EC0-301F-11D3-BF4B-00C04F79EFBC}") = "EfesBet.Service", "EfesBet.Service\EfesBet.Service.csproj", "{41856CE9-7E32-4352-8FDE-9DE730915AB5}"
EndProject
Project("{FAE04EC0-301F-11D3-BF4B-00C04F79EFBC}") = "EfesBet.ServiceContract", "EfesBet.ServiceContract\EfesBet.ServiceContract.csproj", "{0F8BC272-7158-4A2D-B911-DF6487066F73}"
EndProject
Global
	GlobalSection(SolutionConfigurationPlatforms) = preSolution
		Debug|Any CPU = Debug|Any CPU
		Debug|Mixed Platforms = Debug|Mixed Platforms
		Debug|x86 = Debug|x86
		Release|Any CPU = Release|Any CPU
		Release|Mixed Platforms = Release|Mixed Platforms
		Release|x86 = Release|x86
	EndGlobalSection
	GlobalSection(ProjectConfigurationPlatforms) = postSolution
		{4DCECAAE-4841-46D9-BF53-D41A7B6055BE}.Debug|Any CPU.ActiveCfg = Debug|x86
		{4DCECAAE-4841-46D9-BF53-D41A7B6055BE}.Debug|Mixed Platforms.ActiveCfg = Debug|x86
		{4DCECAAE-4841-46D9-BF53-D41A7B6055BE}.Debug|Mixed Platforms.Build.0 = Debug|x86
		{4DCECAAE-4841-46D9-BF53-D41A7B6055BE}.Debug|x86.ActiveCfg = Debug|x86
		{4DCECAAE-4841-46D9-BF53-D41A7B6055BE}.Debug|x86.Build.0 = Debug|x86
		{4DCECAAE-4841-46D9-BF53-D41A7B6055BE}.Release|Any CPU.ActiveCfg = Release|x86
		{4DCECAAE-4841-46D9-BF53-D41A7B6055BE}.Release|Mixed Platforms.ActiveCfg = Release|x86
		{4DCECAAE-4841-46D9-BF53-D41A7B6055BE}.Release|Mixed Platforms.Build.0 = Release|x86
		{4DCECAAE-4841-46D9-BF53-D41A7B6055BE}.Release|x86.ActiveCfg = Release|x86
		{4DCECAAE-4841-46D9-BF53-D41A7B6055BE}.Release|x86.Build.0 = Release|x86
		{2FF08DC2-F503-4161-A15A-160E305B487B}.Debug|Any CPU.ActiveCfg = Debug|Any CPU
		{2FF08DC2-F503-4161-A15A-160E305B487B}.Debug|Any CPU.Build.0 = Debug|Any CPU
		{2FF08DC2-F503-4161-A15A-160E305B487B}.Debug|Mixed Platforms.ActiveCfg = Debug|Any CPU
		{2FF08DC2-F503-4161-A15A-160E305B487B}.Debug|Mixed Platforms.Build.0 = Debug|Any CPU
		{2FF08DC2-F503-4161-A15A-160E305B487B}.Debug|x86.ActiveCfg = Debug|Any CPU
		{2FF08DC2-F503-4161-A15A-160E305B487B}.Release|Any CPU.ActiveCfg = Release|Any CPU
		{2FF08DC2-F503-4161-A15A-160E305B487B}.Release|Any CPU.Build.0 = Release|Any CPU
		{2FF08DC2-F503-4161-A15A-160E305B487B}.Release|Mixed Platforms.ActiveCfg = Release|Any CPU
		{2FF08DC2-F503-4161-A15A-160E305B487B}.Release|Mixed Platforms.Build.0 = Release|Any CPU
		{2FF08DC2-F503-4161-A15A-160E305B487B}.Release|x86.ActiveCfg = Release|Any CPU
		{A95BC794-E72C-4CAF-9C3D-ACADE9DCD03D}.Debug|Any CPU.ActiveCfg = Debug|Any CPU
		{A95BC794-E72C-4CAF-9C3D-ACADE9DCD03D}.Debug|Any CPU.Build.0 = Debug|Any CPU
		{A95BC794-E72C-4CAF-9C3D-ACADE9DCD03D}.Debug|Mixed Platforms.ActiveCfg = Debug|Any CPU
		{A95BC794-E72C-4CAF-9C3D-ACADE9DCD03D}.Debug|Mixed Platforms.Build.0 = Debug|Any CPU
		{A95BC794-E72C-4CAF-9C3D-ACADE9DCD03D}.Debug|x86.ActiveCfg = Debug|Any CPU
		{A95BC794-E72C-4CAF-9C3D-ACADE9DCD03D}.Release|Any CPU.ActiveCfg = Release|Any CPU
		{A95BC794-E72C-4CAF-9C3D-ACADE9DCD03D}.Release|Any CPU.Build.0 = Release|Any CPU
		{A95BC794-E72C-4CAF-9C3D-ACADE9DCD03D}.Release|Mixed Platforms.ActiveCfg = Release|Any CPU
		{A95BC794-E72C-4CAF-9C3D-ACADE9DCD03D}.Release|Mixed Platforms.Build.0 = Release|Any CPU
		{A95BC794-E72C-4CAF-9C3D-ACADE9DCD03D}.Release|x86.ActiveCfg = Release|Any CPU
		{1CF80BBB-93BE-4ECF-8BF8-2EC91030ECFC}.Debug|Any CPU.ActiveCfg = Debug|Any CPU
		{1CF80BBB-93BE-4ECF-8BF8-2EC91030ECFC}.Debug|Any CPU.Build.0 = Debug|Any CPU
		{1CF80BBB-93BE-4ECF-8BF8-2EC91030ECFC}.Debug|Mixed Platforms.ActiveCfg = Debug|Any CPU
		{1CF80BBB-93BE-4ECF-8BF8-2EC91030ECFC}.Debug|Mixed Platforms.Build.0 = Debug|Any CPU
		{1CF80BBB-93BE-4ECF-8BF8-2EC91030ECFC}.Debug|x86.ActiveCfg = Debug|Any CPU
		{1CF80BBB-93BE-4ECF-8BF8-2EC91030ECFC}.Release|Any CPU.ActiveCfg = Release|Any CPU
		{1CF80BBB-93BE-4ECF-8BF8-2EC91030ECFC}.Release|Any CPU.Build.0 = Release|Any CPU
		{1CF80BBB-93BE-4ECF-8BF8-2EC91030ECFC}.Release|Mixed Platforms.ActiveCfg = Release|Any CPU
		{1CF80BBB-93BE-4ECF-8BF8-2EC91030ECFC}.Release|Mixed Platforms.Build.0 = Release|Any CPU
		{1CF80BBB-93BE-4ECF-8BF8-2EC91030ECFC}.Release|x86.ActiveCfg = Release|Any CPU
		{1429FDC4-617A-4BEE-84D7-E4A854F61134}.Debug|Any CPU.ActiveCfg = Debug|Any CPU
		{1429FDC4-617A-4BEE-84D7-E4A854F61134}.Debug|Any CPU.Build.0 = Debug|Any CPU
		{1429FDC4-617A-4BEE-84D7-E4A854F61134}.Debug|Mixed Platforms.ActiveCfg = Debug|Any CPU
		{1429FDC4-617A-4BEE-84D7-E4A854F61134}.Debug|Mixed Platforms.Build.0 = Debug|Any CPU
		{1429FDC4-617A-4BEE-84D7-E4A854F61134}.Debug|x86.ActiveCfg = Debug|Any CPU
		{1429FDC4-617A-4BEE-84D7-E4A854F61134}.Release|Any CPU.ActiveCfg = Release|Any CPU
		{1429FDC4-617A-4BEE-84D7-E4A854F61134}.Release|Any CPU.Build.0 = Release|Any CPU
		{1429FDC4-617A-4BEE-84D7-E4A854F61134}.Release|Mixed Platforms.ActiveCfg = Release|Any CPU
		{1429FDC4-617A-4BEE-84D7-E4A854F61134}.Release|Mixed Platforms.Build.0 = Release|Any CPU
		{1429FDC4-617A-4BEE-84D7-E4A854F61134}.Release|x86.ActiveCfg = Release|Any CPU
		{41856CE9-7E32-4352-8FDE-9DE730915AB5}.Debug|Any CPU.ActiveCfg = Debug|Any CPU
		{41856CE9-7E32-4352-8FDE-9DE730915AB5}.Debug|Any CPU.Build.0 = Debug|Any CPU
		{41856CE9-7E32-4352-8FDE-9DE730915AB5}.Debug|Mixed Platforms.ActiveCfg = Debug|Any CPU
		{41856CE9-7E32-4352-8FDE-9DE730915AB5}.Debug|Mixed Platforms.Build.0 = Debug|Any CPU
		{41856CE9-7E32-4352-8FDE-9DE730915AB5}.Debug|x86.ActiveCfg = Debug|Any CPU
		{41856CE9-7E32-4352-8FDE-9DE730915AB5}.Release|Any CPU.ActiveCfg = Release|Any CPU
		{41856CE9-7E32-4352-8FDE-9DE730915AB5}.Release|Any CPU.Build.0 = Release|Any CPU
		{41856CE9-7E32-4352-8FDE-9DE730915AB5}.Release|Mixed Platforms.ActiveCfg = Release|Any CPU
		{41856CE9-7E32-4352-8FDE-9DE730915AB5}.Release|Mixed Platforms.Build.0 = Release|Any CPU
		{41856CE9-7E32-4352-8FDE-9DE730915AB5}.Release|x86.ActiveCfg = Release|Any CPU
		{0F8BC272-7158-4A2D-B911-DF6487066F73}.Debug|Any CPU.ActiveCfg = Debug|Any CPU
		{0F8BC272-7158-4A2D-B911-DF6487066F73}.Debug|Any CPU.Build.0 = Debug|Any CPU
		{0F8BC272-7158-4A2D-B911-DF6487066F73}.Debug|Mixed Platforms.ActiveCfg = Debug|Any CPU
		{0F8BC272-7158-4A2D-B911-DF6487066F73}.Debug|Mixed Platforms.Build.0 = Debug|Any CPU
		{0F8BC272-7158-4A2D-B911-DF6487066F73}.Debug|x86.ActiveCfg = Debug|Any CPU
		{0F8BC272-7158-4A2D-B911-DF6487066F73}.Release|Any CPU.ActiveCfg = Release|Any CPU
		{0F8BC272-7158-4A2D-B911-DF6487066F73}.Release|Any CPU.Build.0 = Release|Any CPU
		{0F8BC272-7158-4A2D-B911-DF6487066F73}.Release|Mixed Platforms.ActiveCfg = Release|Any CPU
		{0F8BC272-7158-4A2D-B911-DF6487066F73}.Release|Mixed Platforms.Build.0 = Release|Any CPU
		{0F8BC272-7158-4A2D-B911-DF6487066F73}.Release|x86.ActiveCfg = Release|Any CPU
	EndGlobalSection
	GlobalSection(SolutionProperties) = preSolution
		HideSolutionNode = FALSE
	EndGlobalSection
EndGlobal
